
Microsoft Visual Studio Solution File, Format Version 12.00
# Visual Studio 14
VisualStudioVersion = 14.0.25123.0
MinimumVisualStudioVersion = 10.0.40219.1
Project("{FAE04EC0-301F-11D3-BF4B-00C04F79EFBC}") = "sample.template.vs11.UI.Web", "sample.template.vs11.UI.Web\sample.template.vs11.UI.Web.csproj", "{79A31318-7AC6-4E34-A70C-EB7F8C372476}"
EndProject
Project("{FAE04EC0-301F-11D3-BF4B-00C04F79EFBC}") = "sample.template.vs11.Data", "sample.template.vs11.Data\sample.template.vs11.Data.csproj", "{837C442E-9844-4513-A595-4380FF7086C9}"
EndProject
Global
	GlobalSection(SolutionConfigurationPlatforms) = preSolution
		Debug|Any CPU = Debug|Any CPU
		Release|Any CPU = Release|Any CPU
	EndGlobalSection
	GlobalSection(ProjectConfigurationPlatforms) = postSolution
		{79A31318-7AC6-4E34-A70C-EB7F8C372476}.Debug|Any CPU.ActiveCfg = Debug|Any CPU
		{79A31318-7AC6-4E34-A70C-EB7F8C372476}.Debug|Any CPU.Build.0 = Debug|Any CPU
		{79A31318-7AC6-4E34-A70C-EB7F8C372476}.Release|Any CPU.ActiveCfg = Release|Any CPU
		{79A31318-7AC6-4E34-A70C-EB7F8C372476}.Release|Any CPU.Build.0 = Release|Any CPU
		{837C442E-9844-4513-A595-4380FF7086C9}.Debug|Any CPU.ActiveCfg = Debug|Any CPU
		{837C442E-9844-4513-A595-4380FF7086C9}.Debug|Any CPU.Build.0 = Debug|Any CPU
		{837C442E-9844-4513-A595-4380FF7086C9}.Release|Any CPU.ActiveCfg = Release|Any CPU
		{837C442E-9844-4513-A595-4380FF7086C9}.Release|Any CPU.Build.0 = Release|Any CPU
	EndGlobalSection
	GlobalSection(SolutionProperties) = preSolution
		HideSolutionNode = FALSE
	EndGlobalSection
EndGlobal
